
Microsoft Visual Studio Solution File, Format Version 12.00
# Visual Studio Version 17
VisualStudioVersion = 17.0.31903.59
MinimumVisualStudioVersion = 10.0.40219.1
Project("{FAE04EC0-301F-11D3-BF4B-00C04F79EFBC}") = "DataScience.Core", "code\src\DataScience.Core\DataScience.Core.csproj", "{A1B2C3D4-E5F6-7890-ABCD-EF1234567890}"
EndProject
Project("{FAE04EC0-301F-11D3-BF4B-00C04F79EFBC}") = "Chapter07.IrisClassification", "code\samples\Chapter07.IrisClassification\Chapter07.IrisClassification.csproj", "{B2C3D4E5-F6A7-8901-BCDE-F12345678901}"
EndProject
Project("{FAE04EC0-301F-11D3-BF4B-00C04F79EFBC}") = "Chapter09.CustomerChurn", "code\samples\Chapter09.CustomerChurn\Chapter09.CustomerChurn.csproj", "{C3D4E5F6-A7B8-9012-CDEF-123456789012}"
EndProject
Project("{FAE04EC0-301F-11D3-BF4B-00C04F79EFBC}") = "Chapter12.MovieRecommendations", "code\samples\Chapter12.MovieRecommendations\Chapter12.MovieRecommendations.csproj", "{D4E5F6A7-B8C9-0123-DEF0-234567890123}"
EndProject
Project("{2150E333-8FDC-42A3-9474-1A3956D46DE8}") = "code", "code", "{314C6247-30EA-3492-19B6-DF847E3B326F}"
EndProject
Project("{2150E333-8FDC-42A3-9474-1A3956D46DE8}") = "samples", "samples", "{66FA901D-206F-497E-DAF9-7288094EE0C7}"
EndProject
Project("{FAE04EC0-301F-11D3-BF4B-00C04F79EFBC}") = "Chapter04.DataWrangling", "code\samples\Chapter04.DataWrangling\Chapter04.DataWrangling.csproj", "{54A80EAB-169D-49EE-BD0F-FECDA80A327A}"
EndProject
Project("{FAE04EC0-301F-11D3-BF4B-00C04F79EFBC}") = "Chapter05.TitanicEDA", "code\samples\Chapter05.TitanicEDA\Chapter05.TitanicEDA.csproj", "{DA482B6F-A2C9-424C-93D2-DD21CC00617B}"
EndProject
Project("{FAE04EC0-301F-11D3-BF4B-00C04F79EFBC}") = "Chapter06.HousingFeatures", "code\samples\Chapter06.HousingFeatures\Chapter06.HousingFeatures.csproj", "{1F842EE6-F4C3-4D22-9A70-B7722E06F2F0}"
EndProject
Project("{FAE04EC0-301F-11D3-BF4B-00C04F79EFBC}") = "Chapter08.TaxiFarePrediction", "code\samples\Chapter08.TaxiFarePrediction\Chapter08.TaxiFarePrediction.csproj", "{51FD1FDA-CE21-40D4-8825-9820769A53F9}"
EndProject
Project("{FAE04EC0-301F-11D3-BF4B-00C04F79EFBC}") = "Chapter10.CustomerSegmentation", "code\samples\Chapter10.CustomerSegmentation\Chapter10.CustomerSegmentation.csproj", "{D6F130E6-C28A-48DA-94AC-A52B8BB65918}"
EndProject
Project("{FAE04EC0-301F-11D3-BF4B-00C04F79EFBC}") = "Chapter11.FraudDetection", "code\samples\Chapter11.FraudDetection\Chapter11.FraudDetection.csproj", "{0F6D5577-25A7-4D5E-9906-8813D74838D2}"
EndProject
Project("{FAE04EC0-301F-11D3-BF4B-00C04F79EFBC}") = "Chapter13.SentimentAnalysis", "code\samples\Chapter13.SentimentAnalysis\Chapter13.SentimentAnalysis.csproj", "{5422CBED-DEB5-4178-8909-59C4C7D268AE}"
EndProject
Project("{FAE04EC0-301F-11D3-BF4B-00C04F79EFBC}") = "Chapter14.SalesForecasting", "code\samples\Chapter14.SalesForecasting\Chapter14.SalesForecasting.csproj", "{ADD9730B-E34A-4E13-B4D3-46364ADDECEE}"
EndProject
Project("{FAE04EC0-301F-11D3-BF4B-00C04F79EFBC}") = "Chapter15.MnistCNN", "code\samples\Chapter15.MnistCNN\Chapter15.MnistCNN.csproj", "{EB7E959A-2455-465D-8D70-62FD54B141F8}"
EndProject
Project("{FAE04EC0-301F-11D3-BF4B-00C04F79EFBC}") = "Chapter16.ImageClassifier", "code\samples\Chapter16.ImageClassifier\Chapter16.ImageClassifier.csproj", "{47D9969E-E1D1-4AE9-97B0-008B6C2A3815}"
EndProject
Project("{FAE04EC0-301F-11D3-BF4B-00C04F79EFBC}") = "Chapter17.DeploymentAPI", "code\samples\Chapter17.DeploymentAPI\Chapter17.DeploymentAPI.csproj", "{45323E28-4E9B-49EE-B543-9EC6CAA38652}"
EndProject
Global
	GlobalSection(SolutionConfigurationPlatforms) = preSolution
		Debug|Any CPU = Debug|Any CPU
		Debug|x64 = Debug|x64
		Debug|x86 = Debug|x86
		Release|Any CPU = Release|Any CPU
		Release|x64 = Release|x64
		Release|x86 = Release|x86
	EndGlobalSection
	GlobalSection(ProjectConfigurationPlatforms) = postSolution
		{A1B2C3D4-E5F6-7890-ABCD-EF1234567890}.Debug|Any CPU.ActiveCfg = Debug|Any CPU
		{A1B2C3D4-E5F6-7890-ABCD-EF1234567890}.Debug|Any CPU.Build.0 = Debug|Any CPU
		{A1B2C3D4-E5F6-7890-ABCD-EF1234567890}.Debug|x64.ActiveCfg = Debug|Any CPU
		{A1B2C3D4-E5F6-7890-ABCD-EF1234567890}.Debug|x64.Build.0 = Debug|Any CPU
		{A1B2C3D4-E5F6-7890-ABCD-EF1234567890}.Debug|x86.ActiveCfg = Debug|Any CPU
		{A1B2C3D4-E5F6-7890-ABCD-EF1234567890}.Debug|x86.Build.0 = Debug|Any CPU
		{A1B2C3D4-E5F6-7890-ABCD-EF1234567890}.Release|Any CPU.ActiveCfg = Release|Any CPU
		{A1B2C3D4-E5F6-7890-ABCD-EF1234567890}.Release|Any CPU.Build.0 = Release|Any CPU
		{A1B2C3D4-E5F6-7890-ABCD-EF1234567890}.Release|x64.ActiveCfg = Release|Any CPU
		{A1B2C3D4-E5F6-7890-ABCD-EF1234567890}.Release|x64.Build.0 = Release|Any CPU
		{A1B2C3D4-E5F6-7890-ABCD-EF1234567890}.Release|x86.ActiveCfg = Release|Any CPU
		{A1B2C3D4-E5F6-7890-ABCD-EF1234567890}.Release|x86.Build.0 = Release|Any CPU
		{B2C3D4E5-F6A7-8901-BCDE-F12345678901}.Debug|Any CPU.ActiveCfg = Debug|Any CPU
		{B2C3D4E5-F6A7-8901-BCDE-F12345678901}.Debug|Any CPU.Build.0 = Debug|Any CPU
		{B2C3D4E5-F6A7-8901-BCDE-F12345678901}.Debug|x64.ActiveCfg = Debug|Any CPU
		{B2C3D4E5-F6A7-8901-BCDE-F12345678901}.Debug|x64.Build.0 = Debug|Any CPU
		{B2C3D4E5-F6A7-8901-BCDE-F12345678901}.Debug|x86.ActiveCfg = Debug|Any CPU
		{B2C3D4E5-F6A7-8901-BCDE-F12345678901}.Debug|x86.Build.0 = Debug|Any CPU
		{B2C3D4E5-F6A7-8901-BCDE-F12345678901}.Release|Any CPU.ActiveCfg = Release|Any CPU
		{B2C3D4E5-F6A7-8901-BCDE-F12345678901}.Release|Any CPU.Build.0 = Release|Any CPU
		{B2C3D4E5-F6A7-8901-BCDE-F12345678901}.Release|x64.ActiveCfg = Release|Any CPU
		{B2C3D4E5-F6A7-8901-BCDE-F12345678901}.Release|x64.Build.0 = Release|Any CPU
		{B2C3D4E5-F6A7-8901-BCDE-F12345678901}.Release|x86.ActiveCfg = Release|Any CPU
		{B2C3D4E5-F6A7-8901-BCDE-F12345678901}.Release|x86.Build.0 = Release|Any CPU
		{C3D4E5F6-A7B8-9012-CDEF-123456789012}.Debug|Any CPU.ActiveCfg = Debug|Any CPU
		{C3D4E5F6-A7B8-9012-CDEF-123456789012}.Debug|Any CPU.Build.0 = Debug|Any CPU
		{C3D4E5F6-A7B8-9012-CDEF-123456789012}.Debug|x64.ActiveCfg = Debug|Any CPU
		{C3D4E5F6-A7B8-9012-CDEF-123456789012}.Debug|x64.Build.0 = Debug|Any CPU
		{C3D4E5F6-A7B8-9012-CDEF-123456789012}.Debug|x86.ActiveCfg = Debug|Any CPU
		{C3D4E5F6-A7B8-9012-CDEF-123456789012}.Debug|x86.Build.0 = Debug|Any CPU
		{C3D4E5F6-A7B8-9012-CDEF-123456789012}.Release|Any CPU.ActiveCfg = Release|Any CPU
		{C3D4E5F6-A7B8-9012-CDEF-123456789012}.Release|Any CPU.Build.0 = Release|Any CPU
		{C3D4E5F6-A7B8-9012-CDEF-123456789012}.Release|x64.ActiveCfg = Release|Any CPU
		{C3D4E5F6-A7B8-9012-CDEF-123456789012}.Release|x64.Build.0 = Release|Any CPU
		{C3D4E5F6-A7B8-9012-CDEF-123456789012}.Release|x86.ActiveCfg = Release|Any CPU
		{C3D4E5F6-A7B8-9012-CDEF-123456789012}.Release|x86.Build.0 = Release|Any CPU
		{D4E5F6A7-B8C9-0123-DEF0-234567890123}.Debug|Any CPU.ActiveCfg = Debug|Any CPU
		{D4E5F6A7-B8C9-0123-DEF0-234567890123}.Debug|Any CPU.Build.0 = Debug|Any CPU
		{D4E5F6A7-B8C9-0123-DEF0-234567890123}.Debug|x64.ActiveCfg = Debug|Any CPU
		{D4E5F6A7-B8C9-0123-DEF0-234567890123}.Debug|x64.Build.0 = Debug|Any CPU
		{D4E5F6A7-B8C9-0123-DEF0-234567890123}.Debug|x86.ActiveCfg = Debug|Any CPU
		{D4E5F6A7-B8C9-0123-DEF0-234567890123}.Debug|x86.Build.0 = Debug|Any CPU
		{D4E5F6A7-B8C9-0123-DEF0-234567890123}.Release|Any CPU.ActiveCfg = Release|Any CPU
		{D4E5F6A7-B8C9-0123-DEF0-234567890123}.Release|Any CPU.Build.0 = Release|Any CPU
		{D4E5F6A7-B8C9-0123-DEF0-234567890123}.Release|x64.ActiveCfg = Release|Any CPU
		{D4E5F6A7-B8C9-0123-DEF0-234567890123}.Release|x64.Build.0 = Release|Any CPU
		{D4E5F6A7-B8C9-0123-DEF0-234567890123}.Release|x86.ActiveCfg = Release|Any CPU
		{D4E5F6A7-B8C9-0123-DEF0-234567890123}.Release|x86.Build.0 = Release|Any CPU
		{54A80EAB-169D-49EE-BD0F-FECDA80A327A}.Debug|Any CPU.ActiveCfg = Debug|Any CPU
		{54A80EAB-169D-49EE-BD0F-FECDA80A327A}.Debug|Any CPU.Build.0 = Debug|Any CPU
		{54A80EAB-169D-49EE-BD0F-FECDA80A327A}.Debug|x64.ActiveCfg = Debug|Any CPU
		{54A80EAB-169D-49EE-BD0F-FECDA80A327A}.Debug|x64.Build.0 = Debug|Any CPU
		{54A80EAB-169D-49EE-BD0F-FECDA80A327A}.Debug|x86.ActiveCfg = Debug|Any CPU
		{54A80EAB-169D-49EE-BD0F-FECDA80A327A}.Debug|x86.Build.0 = Debug|Any CPU
		{54A80EAB-169D-49EE-BD0F-FECDA80A327A}.Release|Any CPU.ActiveCfg = Release|Any CPU
		{54A80EAB-169D-49EE-BD0F-FECDA80A327A}.Release|Any CPU.Build.0 = Release|Any CPU
		{54A80EAB-169D-49EE-BD0F-FECDA80A327A}.Release|x64.ActiveCfg = Release|Any CPU
		{54A80EAB-169D-49EE-BD0F-FECDA80A327A}.Release|x64.Build.0 = Release|Any CPU
		{54A80EAB-169D-49EE-BD0F-FECDA80A327A}.Release|x86.ActiveCfg = Release|Any CPU
		{54A80EAB-169D-49EE-BD0F-FECDA80A327A}.Release|x86.Build.0 = Release|Any CPU
		{DA482B6F-A2C9-424C-93D2-DD21CC00617B}.Debug|Any CPU.ActiveCfg = Debug|Any CPU
		{DA482B6F-A2C9-424C-93D2-DD21CC00617B}.Debug|Any CPU.Build.0 = Debug|Any CPU
		{DA482B6F-A2C9-424C-93D2-DD21CC00617B}.Debug|x64.ActiveCfg = Debug|Any CPU
		{DA482B6F-A2C9-424C-93D2-DD21CC00617B}.Debug|x64.Build.0 = Debug|Any CPU
		{DA482B6F-A2C9-424C-93D2-DD21CC00617B}.Debug|x86.ActiveCfg = Debug|Any CPU
		{DA482B6F-A2C9-424C-93D2-DD21CC00617B}.Debug|x86.Build.0 = Debug|Any CPU
		{DA482B6F-A2C9-424C-93D2-DD21CC00617B}.Release|Any CPU.ActiveCfg = Release|Any CPU
		{DA482B6F-A2C9-424C-93D2-DD21CC00617B}.Release|Any CPU.Build.0 = Release|Any CPU
		{DA482B6F-A2C9-424C-93D2-DD21CC00617B}.Release|x64.ActiveCfg = Release|Any CPU
		{DA482B6F-A2C9-424C-93D2-DD21CC00617B}.Release|x64.Build.0 = Release|Any CPU
		{DA482B6F-A2C9-424C-93D2-DD21CC00617B}.Release|x86.ActiveCfg = Release|Any CPU
		{DA482B6F-A2C9-424C-93D2-DD21CC00617B}.Release|x86.Build.0 = Release|Any CPU
		{1F842EE6-F4C3-4D22-9A70-B7722E06F2F0}.Debug|Any CPU.ActiveCfg = Debug|Any CPU
		{1F842EE6-F4C3-4D22-9A70-B7722E06F2F0}.Debug|Any CPU.Build.0 = Debug|Any CPU
		{1F842EE6-F4C3-4D22-9A70-B7722E06F2F0}.Debug|x64.ActiveCfg = Debug|Any CPU
		{1F842EE6-F4C3-4D22-9A70-B7722E06F2F0}.Debug|x64.Build.0 = Debug|Any CPU
		{1F842EE6-F4C3-4D22-9A70-B7722E06F2F0}.Debug|x86.ActiveCfg = Debug|Any CPU
		{1F842EE6-F4C3-4D22-9A70-B7722E06F2F0}.Debug|x86.Build.0 = Debug|Any CPU
		{1F842EE6-F4C3-4D22-9A70-B7722E06F2F0}.Release|Any CPU.ActiveCfg = Release|Any CPU
		{1F842EE6-F4C3-4D22-9A70-B7722E06F2F0}.Release|Any CPU.Build.0 = Release|Any CPU
		{1F842EE6-F4C3-4D22-9A70-B7722E06F2F0}.Release|x64.ActiveCfg = Release|Any CPU
		{1F842EE6-F4C3-4D22-9A70-B7722E06F2F0}.Release|x64.Build.0 = Release|Any CPU
		{1F842EE6-F4C3-4D22-9A70-B7722E06F2F0}.Release|x86.ActiveCfg = Release|Any CPU
		{1F842EE6-F4C3-4D22-9A70-B7722E06F2F0}.Release|x86.Build.0 = Release|Any CPU
		{51FD1FDA-CE21-40D4-8825-9820769A53F9}.Debug|Any CPU.ActiveCfg = Debug|Any CPU
		{51FD1FDA-CE21-40D4-8825-9820769A53F9}.Debug|Any CPU.Build.0 = Debug|Any CPU
		{51FD1FDA-CE21-40D4-8825-9820769A53F9}.Debug|x64.ActiveCfg = Debug|Any CPU
		{51FD1FDA-CE21-40D4-8825-9820769A53F9}.Debug|x64.Build.0 = Debug|Any CPU
		{51FD1FDA-CE21-40D4-8825-9820769A53F9}.Debug|x86.ActiveCfg = Debug|Any CPU
		{51FD1FDA-CE21-40D4-8825-9820769A53F9}.Debug|x86.Build.0 = Debug|Any CPU
		{51FD1FDA-CE21-40D4-8825-9820769A53F9}.Release|Any CPU.ActiveCfg = Release|Any CPU
		{51FD1FDA-CE21-40D4-8825-9820769A53F9}.Release|Any CPU.Build.0 = Release|Any CPU
		{51FD1FDA-CE21-40D4-8825-9820769A53F9}.Release|x64.ActiveCfg = Release|Any CPU
		{51FD1FDA-CE21-40D4-8825-9820769A53F9}.Release|x64.Build.0 = Release|Any CPU
		{51FD1FDA-CE21-40D4-8825-9820769A53F9}.Release|x86.ActiveCfg = Release|Any CPU
		{51FD1FDA-CE21-40D4-8825-9820769A53F9}.Release|x86.Build.0 = Release|Any CPU
		{D6F130E6-C28A-48DA-94AC-A52B8BB65918}.Debug|Any CPU.ActiveCfg = Debug|Any CPU
		{D6F130E6-C28A-48DA-94AC-A52B8BB65918}.Debug|Any CPU.Build.0 = Debug|Any CPU
		{D6F130E6-C28A-48DA-94AC-A52B8BB65918}.Debug|x64.ActiveCfg = Debug|Any CPU
		{D6F130E6-C28A-48DA-94AC-A52B8BB65918}.Debug|x64.Build.0 = Debug|Any CPU
		{D6F130E6-C28A-48DA-94AC-A52B8BB65918}.Debug|x86.ActiveCfg = Debug|Any CPU
		{D6F130E6-C28A-48DA-94AC-A52B8BB65918}.Debug|x86.Build.0 = Debug|Any CPU
		{D6F130E6-C28A-48DA-94AC-A52B8BB65918}.Release|Any CPU.ActiveCfg = Release|Any CPU
		{D6F130E6-C28A-48DA-94AC-A52B8BB65918}.Release|Any CPU.Build.0 = Release|Any CPU
		{D6F130E6-C28A-48DA-94AC-A52B8BB65918}.Release|x64.ActiveCfg = Release|Any CPU
		{D6F130E6-C28A-48DA-94AC-A52B8BB65918}.Release|x64.Build.0 = Release|Any CPU
		{D6F130E6-C28A-48DA-94AC-A52B8BB65918}.Release|x86.ActiveCfg = Release|Any CPU
		{D6F130E6-C28A-48DA-94AC-A52B8BB65918}.Release|x86.Build.0 = Release|Any CPU
		{0F6D5577-25A7-4D5E-9906-8813D74838D2}.Debug|Any CPU.ActiveCfg = Debug|Any CPU
		{0F6D5577-25A7-4D5E-9906-8813D74838D2}.Debug|Any CPU.Build.0 = Debug|Any CPU
		{0F6D5577-25A7-4D5E-9906-8813D74838D2}.Debug|x64.ActiveCfg = Debug|Any CPU
		{0F6D5577-25A7-4D5E-9906-8813D74838D2}.Debug|x64.Build.0 = Debug|Any CPU
		{0F6D5577-25A7-4D5E-9906-8813D74838D2}.Debug|x86.ActiveCfg = Debug|Any CPU
		{0F6D5577-25A7-4D5E-9906-8813D74838D2}.Debug|x86.Build.0 = Debug|Any CPU
		{0F6D5577-25A7-4D5E-9906-8813D74838D2}.Release|Any CPU.ActiveCfg = Release|Any CPU
		{0F6D5577-25A7-4D5E-9906-8813D74838D2}.Release|Any CPU.Build.0 = Release|Any CPU
		{0F6D5577-25A7-4D5E-9906-8813D74838D2}.Release|x64.ActiveCfg = Release|Any CPU
		{0F6D5577-25A7-4D5E-9906-8813D74838D2}.Release|x64.Build.0 = Release|Any CPU
		{0F6D5577-25A7-4D5E-9906-8813D74838D2}.Release|x86.ActiveCfg = Release|Any CPU
		{0F6D5577-25A7-4D5E-9906-8813D74838D2}.Release|x86.Build.0 = Release|Any CPU
		{5422CBED-DEB5-4178-8909-59C4C7D268AE}.Debug|Any CPU.ActiveCfg = Debug|Any CPU
		{5422CBED-DEB5-4178-8909-59C4C7D268AE}.Debug|Any CPU.Build.0 = Debug|Any CPU
		{5422CBED-DEB5-4178-8909-59C4C7D268AE}.Debug|x64.ActiveCfg = Debug|Any CPU
		{5422CBED-DEB5-4178-8909-59C4C7D268AE}.Debug|x64.Build.0 = Debug|Any CPU
		{5422CBED-DEB5-4178-8909-59C4C7D268AE}.Debug|x86.ActiveCfg = Debug|Any CPU
		{5422CBED-DEB5-4178-8909-59C4C7D268AE}.Debug|x86.Build.0 = Debug|Any CPU
		{5422CBED-DEB5-4178-8909-59C4C7D268AE}.Release|Any CPU.ActiveCfg = Release|Any CPU
		{5422CBED-DEB5-4178-8909-59C4C7D268AE}.Release|Any CPU.Build.0 = Release|Any CPU
		{5422CBED-DEB5-4178-8909-59C4C7D268AE}.Release|x64.ActiveCfg = Release|Any CPU
		{5422CBED-DEB5-4178-8909-59C4C7D268AE}.Release|x64.Build.0 = Release|Any CPU
		{5422CBED-DEB5-4178-8909-59C4C7D268AE}.Release|x86.ActiveCfg = Release|Any CPU
		{5422CBED-DEB5-4178-8909-59C4C7D268AE}.Release|x86.Build.0 = Release|Any CPU
		{ADD9730B-E34A-4E13-B4D3-46364ADDECEE}.Debug|Any CPU.ActiveCfg = Debug|Any CPU
		{ADD9730B-E34A-4E13-B4D3-46364ADDECEE}.Debug|Any CPU.Build.0 = Debug|Any CPU
		{ADD9730B-E34A-4E13-B4D3-46364ADDECEE}.Debug|x64.ActiveCfg = Debug|Any CPU
		{ADD9730B-E34A-4E13-B4D3-46364ADDECEE}.Debug|x64.Build.0 = Debug|Any CPU
		{ADD9730B-E34A-4E13-B4D3-46364ADDECEE}.Debug|x86.ActiveCfg = Debug|Any CPU
		{ADD9730B-E34A-4E13-B4D3-46364ADDECEE}.Debug|x86.Build.0 = Debug|Any CPU
		{ADD9730B-E34A-4E13-B4D3-46364ADDECEE}.Release|Any CPU.ActiveCfg = Release|Any CPU
		{ADD9730B-E34A-4E13-B4D3-46364ADDECEE}.Release|Any CPU.Build.0 = Release|Any CPU
		{ADD9730B-E34A-4E13-B4D3-46364ADDECEE}.Release|x64.ActiveCfg = Release|Any CPU
		{ADD9730B-E34A-4E13-B4D3-46364ADDECEE}.Release|x64.Build.0 = Release|Any CPU
		{ADD9730B-E34A-4E13-B4D3-46364ADDECEE}.Release|x86.ActiveCfg = Release|Any CPU
		{ADD9730B-E34A-4E13-B4D3-46364ADDECEE}.Release|x86.Build.0 = Release|Any CPU
		{EB7E959A-2455-465D-8D70-62FD54B141F8}.Debug|Any CPU.ActiveCfg = Debug|Any CPU
		{EB7E959A-2455-465D-8D70-62FD54B141F8}.Debug|Any CPU.Build.0 = Debug|Any CPU
		{EB7E959A-2455-465D-8D70-62FD54B141F8}.Debug|x64.ActiveCfg = Debug|Any CPU
		{EB7E959A-2455-465D-8D70-62FD54B141F8}.Debug|x64.Build.0 = Debug|Any CPU
		{EB7E959A-2455-465D-8D70-62FD54B141F8}.Debug|x86.ActiveCfg = Debug|Any CPU
		{EB7E959A-2455-465D-8D70-62FD54B141F8}.Debug|x86.Build.0 = Debug|Any CPU
		{EB7E959A-2455-465D-8D70-62FD54B141F8}.Release|Any CPU.ActiveCfg = Release|Any CPU
		{EB7E959A-2455-465D-8D70-62FD54B141F8}.Release|Any CPU.Build.0 = Release|Any CPU
		{EB7E959A-2455-465D-8D70-62FD54B141F8}.Release|x64.ActiveCfg = Release|Any CPU
		{EB7E959A-2455-465D-8D70-62FD54B141F8}.Release|x64.Build.0 = Release|Any CPU
		{EB7E959A-2455-465D-8D70-62FD54B141F8}.Release|x86.ActiveCfg = Release|Any CPU
		{EB7E959A-2455-465D-8D70-62FD54B141F8}.Release|x86.Build.0 = Release|Any CPU
		{47D9969E-E1D1-4AE9-97B0-008B6C2A3815}.Debug|Any CPU.ActiveCfg = Debug|Any CPU
		{47D9969E-E1D1-4AE9-97B0-008B6C2A3815}.Debug|Any CPU.Build.0 = Debug|Any CPU
		{47D9969E-E1D1-4AE9-97B0-008B6C2A3815}.Debug|x64.ActiveCfg = Debug|Any CPU
		{47D9969E-E1D1-4AE9-97B0-008B6C2A3815}.Debug|x64.Build.0 = Debug|Any CPU
		{47D9969E-E1D1-4AE9-97B0-008B6C2A3815}.Debug|x86.ActiveCfg = Debug|Any CPU
		{47D9969E-E1D1-4AE9-97B0-008B6C2A3815}.Debug|x86.Build.0 = Debug|Any CPU
		{47D9969E-E1D1-4AE9-97B0-008B6C2A3815}.Release|Any CPU.ActiveCfg = Release|Any CPU
		{47D9969E-E1D1-4AE9-97B0-008B6C2A3815}.Release|Any CPU.Build.0 = Release|Any CPU
		{47D9969E-E1D1-4AE9-97B0-008B6C2A3815}.Release|x64.ActiveCfg = Release|Any CPU
		{47D9969E-E1D1-4AE9-97B0-008B6C2A3815}.Release|x64.Build.0 = Release|Any CPU
		{47D9969E-E1D1-4AE9-97B0-008B6C2A3815}.Release|x86.ActiveCfg = Release|Any CPU
		{47D9969E-E1D1-4AE9-97B0-008B6C2A3815}.Release|x86.Build.0 = Release|Any CPU
		{45323E28-4E9B-49EE-B543-9EC6CAA38652}.Debug|Any CPU.ActiveCfg = Debug|Any CPU
		{45323E28-4E9B-49EE-B543-9EC6CAA38652}.Debug|Any CPU.Build.0 = Debug|Any CPU
		{45323E28-4E9B-49EE-B543-9EC6CAA38652}.Debug|x64.ActiveCfg = Debug|Any CPU
		{45323E28-4E9B-49EE-B543-9EC6CAA38652}.Debug|x64.Build.0 = Debug|Any CPU
		{45323E28-4E9B-49EE-B543-9EC6CAA38652}.Debug|x86.ActiveCfg = Debug|Any CPU
		{45323E28-4E9B-49EE-B543-9EC6CAA38652}.Debug|x86.Build.0 = Debug|Any CPU
		{45323E28-4E9B-49EE-B543-9EC6CAA38652}.Release|Any CPU.ActiveCfg = Release|Any CPU
		{45323E28-4E9B-49EE-B543-9EC6CAA38652}.Release|Any CPU.Build.0 = Release|Any CPU
		{45323E28-4E9B-49EE-B543-9EC6CAA38652}.Release|x64.ActiveCfg = Release|Any CPU
		{45323E28-4E9B-49EE-B543-9EC6CAA38652}.Release|x64.Build.0 = Release|Any CPU
		{45323E28-4E9B-49EE-B543-9EC6CAA38652}.Release|x86.ActiveCfg = Release|Any CPU
		{45323E28-4E9B-49EE-B543-9EC6CAA38652}.Release|x86.Build.0 = Release|Any CPU
	EndGlobalSection
	GlobalSection(SolutionProperties) = preSolution
		HideSolutionNode = FALSE
	EndGlobalSection
	GlobalSection(NestedProjects) = preSolution
		{66FA901D-206F-497E-DAF9-7288094EE0C7} = {314C6247-30EA-3492-19B6-DF847E3B326F}
		{54A80EAB-169D-49EE-BD0F-FECDA80A327A} = {66FA901D-206F-497E-DAF9-7288094EE0C7}
		{DA482B6F-A2C9-424C-93D2-DD21CC00617B} = {66FA901D-206F-497E-DAF9-7288094EE0C7}
		{1F842EE6-F4C3-4D22-9A70-B7722E06F2F0} = {66FA901D-206F-497E-DAF9-7288094EE0C7}
		{51FD1FDA-CE21-40D4-8825-9820769A53F9} = {66FA901D-206F-497E-DAF9-7288094EE0C7}
		{D6F130E6-C28A-48DA-94AC-A52B8BB65918} = {66FA901D-206F-497E-DAF9-7288094EE0C7}
		{0F6D5577-25A7-4D5E-9906-8813D74838D2} = {66FA901D-206F-497E-DAF9-7288094EE0C7}
		{5422CBED-DEB5-4178-8909-59C4C7D268AE} = {66FA901D-206F-497E-DAF9-7288094EE0C7}
		{ADD9730B-E34A-4E13-B4D3-46364ADDECEE} = {66FA901D-206F-497E-DAF9-7288094EE0C7}
		{EB7E959A-2455-465D-8D70-62FD54B141F8} = {66FA901D-206F-497E-DAF9-7288094EE0C7}
		{47D9969E-E1D1-4AE9-97B0-008B6C2A3815} = {66FA901D-206F-497E-DAF9-7288094EE0C7}
		{45323E28-4E9B-49EE-B543-9EC6CAA38652} = {66FA901D-206F-497E-DAF9-7288094EE0C7}
	EndGlobalSection
EndGlobal
